
Microsoft Visual Studio Solution File, Format Version 12.00
# Visual Studio Version 17
VisualStudioVersion = 17.0.32014.148
MinimumVisualStudioVersion = 10.0.40219.1
Project("{FAE04EC0-301F-11D3-BF4B-00C04F79EFBC}") = "InterfaceImplementation", "InterfaceImplementation\InterfaceImplementation.csproj", "{C86A0E4F-FC00-4072-BD40-E9ADBA89916D}"
EndProject
Global
	GlobalSection(SolutionConfigurationPlatforms) = preSolution
		Debug|Any CPU = Debug|Any CPU
		Release|Any CPU = Release|Any CPU
	EndGlobalSection
	GlobalSection(ProjectConfigurationPlatforms) = postSolution
		{C86A0E4F-FC00-4072-BD40-E9ADBA89916D}.Debug|Any CPU.ActiveCfg = Debug|Any CPU
		{C86A0E4F-FC00-4072-BD40-E9ADBA89916D}.Debug|Any CPU.Build.0 = Debug|Any CPU
		{C86A0E4F-FC00-4072-BD40-E9ADBA89916D}.Release|Any CPU.ActiveCfg = Release|Any CPU
		{C86A0E4F-FC00-4072-BD40-E9ADBA89916D}.Release|Any CPU.Build.0 = Release|Any CPU
	EndGlobalSection
	GlobalSection(SolutionProperties) = preSolution
		HideSolutionNode = FALSE
	EndGlobalSection
	GlobalSection(ExtensibilityGlobals) = postSolution
		SolutionGuid = {39D81A75-4047-4D53-9849-71E1B820C214}
	EndGlobalSection
EndGlobal
